
Microsoft Visual Studio Solution File, Format Version 12.00
# Visual Studio Version 16
VisualStudioVersion = 16.0.28902.138
MinimumVisualStudioVersion = 10.0.40219.1
Project("{FAE04EC0-301F-11D3-BF4B-00C04F79EFBC}") = "c_sharp4", "c_sharp4.csproj", "{8D83878E-C996-4335-A1FA-DEF9790186BD}"
EndProject
Global
	GlobalSection(SolutionConfigurationPlatforms) = preSolution
		Debug|Any CPU = Debug|Any CPU
		Release|Any CPU = Release|Any CPU
	EndGlobalSection
	GlobalSection(ProjectConfigurationPlatforms) = postSolution
		{8D83878E-C996-4335-A1FA-DEF9790186BD}.Debug|Any CPU.ActiveCfg = Debug|Any CPU
		{8D83878E-C996-4335-A1FA-DEF9790186BD}.Debug|Any CPU.Build.0 = Debug|Any CPU
		{8D83878E-C996-4335-A1FA-DEF9790186BD}.Release|Any CPU.ActiveCfg = Release|Any CPU
		{8D83878E-C996-4335-A1FA-DEF9790186BD}.Release|Any CPU.Build.0 = Release|Any CPU
	EndGlobalSection
	GlobalSection(SolutionProperties) = preSolution
		HideSolutionNode = FALSE
	EndGlobalSection
	GlobalSection(ExtensibilityGlobals) = postSolution
		SolutionGuid = {EC4C3A98-230D-4EB1-8C05-68F05194D1F3}
	EndGlobalSection
EndGlobal
